// !$*UTF8*$!
{
	archiveVersion = 1;
	classes = {
	};
	objectVersion = 46;
	objects = {

/* Begin PBXBuildFile section */
		6B099BE91DD007300031F8EA /* ALLabel.m in Sources */ = {isa = PBXBuildFile; fileRef = 6B099BE81DD007300031F8EA /* ALLabel.m */; };
		6B1D24F71DB307A200FC4081 /* main.m in Sources */ = {isa = PBXBuildFile; fileRef = 6B1D24F61DB307A200FC4081 /* main.m */; };
		6B1D24FA1DB307A200FC4081 /* AppDelegate.m in Sources */ = {isa = PBXBuildFile; fileRef = 6B1D24F91DB307A200FC4081 /* AppDelegate.m */; };
		6B1D24FD1DB307A200FC4081 /* ViewController.m in Sources */ = {isa = PBXBuildFile; fileRef = 6B1D24FC1DB307A200FC4081 /* ViewController.m */; };
		6B1D25001DB307A200FC4081 /* Main.storyboard in Resources */ = {isa = PBXBuildFile; fileRef = 6B1D24FE1DB307A200FC4081 /* Main.storyboard */; };
		6B1D25021DB307A200FC4081 /* Assets.xcassets in Resources */ = {isa = PBXBuildFile; fileRef = 6B1D25011DB307A200FC4081 /* Assets.xcassets */; };
		6B1D25051DB307A200FC4081 /* LaunchScreen.storyboard in Resources */ = {isa = PBXBuildFile; fileRef = 6B1D25031DB307A200FC4081 /* LaunchScreen.storyboard */; };
		6B1D25101DB307A300FC4081 /* ALViewTests.m in Sources */ = {isa = PBXBuildFile; fileRef = 6B1D250F1DB307A300FC4081 /* ALViewTests.m */; };
		6B1D251B1DB307A300FC4081 /* ALViewUITests.m in Sources */ = {isa = PBXBuildFile; fileRef = 6B1D251A1DB307A300FC4081 /* ALViewUITests.m */; };
		6B1D252A1DBC4E0F00FC4081 /* ALScrollView.m in Sources */ = {isa = PBXBuildFile; fileRef = 6B1D25291DBC4E0F00FC4081 /* ALScrollView.m */; };
		6B1D252B1DBC4E0F00FC4081 /* ALScrollView.m in Sources */ = {isa = PBXBuildFile; fileRef = 6B1D25291DBC4E0F00FC4081 /* ALScrollView.m */; };
		6B1D252C1DBC4E0F00FC4081 /* ALScrollView.m in Sources */ = {isa = PBXBuildFile; fileRef = 6B1D25291DBC4E0F00FC4081 /* ALScrollView.m */; };
		6B1D257E1DBE5F5700FC4081 /* UIView+ALEngine.m in Sources */ = {isa = PBXBuildFile; fileRef = 6B1D257D1DBE5F5700FC4081 /* UIView+ALEngine.m */; };
		6B1D257F1DBE5F5700FC4081 /* UIView+ALEngine.m in Sources */ = {isa = PBXBuildFile; fileRef = 6B1D257D1DBE5F5700FC4081 /* UIView+ALEngine.m */; };
		6B1D25801DBE5F5700FC4081 /* UIView+ALEngine.m in Sources */ = {isa = PBXBuildFile; fileRef = 6B1D257D1DBE5F5700FC4081 /* UIView+ALEngine.m */; };
		6B1D25831DBFB23A00FC4081 /* ALView.m in Sources */ = {isa = PBXBuildFile; fileRef = 6B1D25821DBFB23A00FC4081 /* ALView.m */; };
		6B1D25841DBFB23A00FC4081 /* ALView.m in Sources */ = {isa = PBXBuildFile; fileRef = 6B1D25821DBFB23A00FC4081 /* ALView.m */; };
		6B1D25851DBFB23A00FC4081 /* ALView.m in Sources */ = {isa = PBXBuildFile; fileRef = 6B1D25821DBFB23A00FC4081 /* ALView.m */; };
		6B700E691DEC35E6002B49AD /* ALRow.m in Sources */ = {isa = PBXBuildFile; fileRef = 6B700E681DEC35E6002B49AD /* ALRow.m */; };
		6B700E6A1DEC35E6002B49AD /* ALRow.m in Sources */ = {isa = PBXBuildFile; fileRef = 6B700E681DEC35E6002B49AD /* ALRow.m */; };
		6B700E6B1DEC35E6002B49AD /* ALRow.m in Sources */ = {isa = PBXBuildFile; fileRef = 6B700E681DEC35E6002B49AD /* ALRow.m */; };
		6B700E6E1DF298FB002B49AD /* ALRowManager.m in Sources */ = {isa = PBXBuildFile; fileRef = 6B700E6D1DF298FB002B49AD /* ALRowManager.m */; };
		6B700E6F1DF298FB002B49AD /* ALRowManager.m in Sources */ = {isa = PBXBuildFile; fileRef = 6B700E6D1DF298FB002B49AD /* ALRowManager.m */; };
		6B700E701DF298FB002B49AD /* ALRowManager.m in Sources */ = {isa = PBXBuildFile; fileRef = 6B700E6D1DF298FB002B49AD /* ALRowManager.m */; };
		6B840CD71E530760006031DF /* UserInfoModel.m in Sources */ = {isa = PBXBuildFile; fileRef = 6B840CD61E530760006031DF /* UserInfoModel.m */; };
		6B840CDC1E53285E006031DF /* PerfTestNeatByTableView.m in Sources */ = {isa = PBXBuildFile; fileRef = 6B840CDB1E53285E006031DF /* PerfTestNeatByTableView.m */; };
		6B840D0E1E545DCE006031DF /* NearByALEngineCell.m in Sources */ = {isa = PBXBuildFile; fileRef = 6B840D0D1E545DCE006031DF /* NearByALEngineCell.m */; };
		6B840D111E545E4C006031DF /* NearByUIViewCell.m in Sources */ = {isa = PBXBuildFile; fileRef = 6B840D101E545E4C006031DF /* NearByUIViewCell.m */; };
		6B840D2C1E5466FD006031DF /* 140.jpeg in Resources */ = {isa = PBXBuildFile; fileRef = 6B840D131E5466FD006031DF /* 140.jpeg */; };
		6B840D2D1E5466FD006031DF /* 141.jpeg in Resources */ = {isa = PBXBuildFile; fileRef = 6B840D141E5466FD006031DF /* 141.jpeg */; };
		6B840D2E1E5466FD006031DF /* 142.jpeg in Resources */ = {isa = PBXBuildFile; fileRef = 6B840D151E5466FD006031DF /* 142.jpeg */; };
		6B840D2F1E5466FD006031DF /* 143.jpeg in Resources */ = {isa = PBXBuildFile; fileRef = 6B840D161E5466FD006031DF /* 143.jpeg */; };
		6B840D301E5466FD006031DF /* 144.jpeg in Resources */ = {isa = PBXBuildFile; fileRef = 6B840D171E5466FD006031DF /* 144.jpeg */; };
		6B840D311E5466FD006031DF /* 145.jpeg in Resources */ = {isa = PBXBuildFile; fileRef = 6B840D181E5466FD006031DF /* 145.jpeg */; };
		6B840D321E5466FD006031DF /* 146.jpeg in Resources */ = {isa = PBXBuildFile; fileRef = 6B840D191E5466FD006031DF /* 146.jpeg */; };
		6B840D331E5466FD006031DF /* 147.jpeg in Resources */ = {isa = PBXBuildFile; fileRef = 6B840D1A1E5466FD006031DF /* 147.jpeg */; };
		6B840D341E5466FD006031DF /* 148.jpeg in Resources */ = {isa = PBXBuildFile; fileRef = 6B840D1B1E5466FD006031DF /* 148.jpeg */; };
		6B840D351E5466FD006031DF /* 149.jpeg in Resources */ = {isa = PBXBuildFile; fileRef = 6B840D1C1E5466FD006031DF /* 149.jpeg */; };
		6B840D361E5466FD006031DF /* 150.jpeg in Resources */ = {isa = PBXBuildFile; fileRef = 6B840D1D1E5466FD006031DF /* 150.jpeg */; };
		6B840D371E5466FD006031DF /* 151.jpeg in Resources */ = {isa = PBXBuildFile; fileRef = 6B840D1E1E5466FD006031DF /* 151.jpeg */; };
		6B840D381E5466FD006031DF /* 152.jpeg in Resources */ = {isa = PBXBuildFile; fileRef = 6B840D1F1E5466FD006031DF /* 152.jpeg */; };
		6B840D391E5466FD006031DF /* 153.jpeg in Resources */ = {isa = PBXBuildFile; fileRef = 6B840D201E5466FD006031DF /* 153.jpeg */; };
		6B840D3A1E5466FD006031DF /* 154.jpeg in Resources */ = {isa = PBXBuildFile; fileRef = 6B840D211E5466FD006031DF /* 154.jpeg */; };
		6B840D3B1E5466FD006031DF /* 155.jpeg in Resources */ = {isa = PBXBuildFile; fileRef = 6B840D221E5466FD006031DF /* 155.jpeg */; };
		6B840D3C1E5466FD006031DF /* 156.jpeg in Resources */ = {isa = PBXBuildFile; fileRef = 6B840D231E5466FD006031DF /* 156.jpeg */; };
		6B840D3D1E5466FD006031DF /* 157.jpeg in Resources */ = {isa = PBXBuildFile; fileRef = 6B840D241E5466FD006031DF /* 157.jpeg */; };
		6B840D3E1E5466FD006031DF /* 158.jpeg in Resources */ = {isa = PBXBuildFile; fileRef = 6B840D251E5466FD006031DF /* 158.jpeg */; };
		6B840D3F1E5466FD006031DF /* 159.jpeg in Resources */ = {isa = PBXBuildFile; fileRef = 6B840D261E5466FD006031DF /* 159.jpeg */; };
		6B840D401E5466FD006031DF /* 160.jpeg in Resources */ = {isa = PBXBuildFile; fileRef = 6B840D271E5466FD006031DF /* 160.jpeg */; };
		6B840D411E5466FD006031DF /* 161.jpeg in Resources */ = {isa = PBXBuildFile; fileRef = 6B840D281E5466FD006031DF /* 161.jpeg */; };
		6B840D421E5466FD006031DF /* 162.jpeg in Resources */ = {isa = PBXBuildFile; fileRef = 6B840D291E5466FD006031DF /* 162.jpeg */; };
		6B840D431E5466FD006031DF /* 163.jpeg in Resources */ = {isa = PBXBuildFile; fileRef = 6B840D2A1E5466FD006031DF /* 163.jpeg */; };
		6B840D441E5466FD006031DF /* 164.jpeg in Resources */ = {isa = PBXBuildFile; fileRef = 6B840D2B1E5466FD006031DF /* 164.jpeg */; };
		6B840D4A1E54843A006031DF /* lbs_nearbyfriend_tag_icon@2x.png in Resources */ = {isa = PBXBuildFile; fileRef = 6B840D471E54843A006031DF /* lbs_nearbyfriend_tag_icon@2x.png */; };
		6B840D511E5555D3006031DF /* lbs_nearbyfriend_female_icon@2x.png in Resources */ = {isa = PBXBuildFile; fileRef = 6B840D4F1E5555D3006031DF /* lbs_nearbyfriend_female_icon@2x.png */; };
		6B840D521E5555D3006031DF /* lbs_nearbyfriend_male_icon@2x.png in Resources */ = {isa = PBXBuildFile; fileRef = 6B840D501E5555D3006031DF /* lbs_nearbyfriend_male_icon@2x.png */; };
		6B840D541E555CE9006031DF /* lbs_nearbyfriend_vip_icon@2x.png in Resources */ = {isa = PBXBuildFile; fileRef = 6B840D531E555CE9006031DF /* lbs_nearbyfriend_vip_icon@2x.png */; };
		6BB7F9631E49BF40005917E5 /* ALNode.m in Sources */ = {isa = PBXBuildFile; fileRef = 6BB7F9621E49BF40005917E5 /* ALNode.m */; };
		6BB7F9691E49C542005917E5 /* PrefTestTableView.m in Sources */ = {isa = PBXBuildFile; fileRef = 6BB7F9681E49C542005917E5 /* PrefTestTableView.m */; };
		6BB7F96C1E49CA2E005917E5 /* ALEngineViewCell.m in Sources */ = {isa = PBXBuildFile; fileRef = 6BB7F96B1E49CA2E005917E5 /* ALEngineViewCell.m */; };
		6BB7F96F1E49CB1A005917E5 /* TableViewCellModel.m in Sources */ = {isa = PBXBuildFile; fileRef = 6BB7F96E1E49CB1A005917E5 /* TableViewCellModel.m */; };
		6BB7F9721E49CC5B005917E5 /* UIViewCell.m in Sources */ = {isa = PBXBuildFile; fileRef = 6BB7F9711E49CC5B005917E5 /* UIViewCell.m */; };
		6BB7F9841E49F850005917E5 /* 1.jpeg in Resources */ = {isa = PBXBuildFile; fileRef = 6BB7F9741E49F850005917E5 /* 1.jpeg */; };
		6BB7F9851E49F850005917E5 /* 2.jpeg in Resources */ = {isa = PBXBuildFile; fileRef = 6BB7F9751E49F850005917E5 /* 2.jpeg */; };
		6BB7F9861E49F850005917E5 /* 3.jpeg in Resources */ = {isa = PBXBuildFile; fileRef = 6BB7F9761E49F850005917E5 /* 3.jpeg */; };
		6BB7F9871E49F850005917E5 /* 4.jpeg in Resources */ = {isa = PBXBuildFile; fileRef = 6BB7F9771E49F850005917E5 /* 4.jpeg */; };
		6BB7F9881E49F850005917E5 /* 5.jpeg in Resources */ = {isa = PBXBuildFile; fileRef = 6BB7F9781E49F850005917E5 /* 5.jpeg */; };
		6BB7F9891E49F850005917E5 /* 6.jpeg in Resources */ = {isa = PBXBuildFile; fileRef = 6BB7F9791E49F850005917E5 /* 6.jpeg */; };
		6BB7F98A1E49F850005917E5 /* 7.jpeg in Resources */ = {isa = PBXBuildFile; fileRef = 6BB7F97A1E49F850005917E5 /* 7.jpeg */; };
		6BB7F98B1E49F850005917E5 /* 8.jpeg in Resources */ = {isa = PBXBuildFile; fileRef = 6BB7F97B1E49F850005917E5 /* 8.jpeg */; };
		6BB7F98C1E49F850005917E5 /* cirolong.png in Resources */ = {isa = PBXBuildFile; fileRef = 6BB7F97C1E49F850005917E5 /* cirolong.png */; };
		6BB7F98D1E49F850005917E5 /* jdochen.png in Resources */ = {isa = PBXBuildFile; fileRef = 6BB7F97D1E49F850005917E5 /* jdochen.png */; };
		6BB7F98E1E49F850005917E5 /* justinytang.png in Resources */ = {isa = PBXBuildFile; fileRef = 6BB7F97E1E49F850005917E5 /* justinytang.png */; };
		6BB7F98F1E49F850005917E5 /* maxsezhang.png in Resources */ = {isa = PBXBuildFile; fileRef = 6BB7F97F1E49F850005917E5 /* maxsezhang.png */; };
		6BB7F9901E49F850005917E5 /* nicema.png in Resources */ = {isa = PBXBuildFile; fileRef = 6BB7F9801E49F850005917E5 /* nicema.png */; };
		6BB7F9911E49F850005917E5 /* peterlmeng.png in Resources */ = {isa = PBXBuildFile; fileRef = 6BB7F9811E49F850005917E5 /* peterlmeng.png */; };
		6BB7F9921E49F850005917E5 /* simplehuang.png in Resources */ = {isa = PBXBuildFile; fileRef = 6BB7F9821E49F850005917E5 /* simplehuang.png */; };
		6BB7F9931E49F850005917E5 /* xiangruli.png in Resources */ = {isa = PBXBuildFile; fileRef = 6BB7F9831E49F850005917E5 /* xiangruli.png */; };
		6BC8B12A1DF7BEF3006F3832 /* ALStyle.m in Sources */ = {isa = PBXBuildFile; fileRef = 6BC8B1291DF7BEF3006F3832 /* ALStyle.m */; };
		6BC8B12B1DF7BEF3006F3832 /* ALStyle.m in Sources */ = {isa = PBXBuildFile; fileRef = 6BC8B1291DF7BEF3006F3832 /* ALStyle.m */; };
		6BC8B12C1DF7BEF3006F3832 /* ALStyle.m in Sources */ = {isa = PBXBuildFile; fileRef = 6BC8B1291DF7BEF3006F3832 /* ALStyle.m */; };
/* End PBXBuildFile section */

/* Begin PBXContainerItemProxy section */
		6B1D250C1DB307A300FC4081 /* PBXContainerItemProxy */ = {
			isa = PBXContainerItemProxy;
			containerPortal = 6B1D24EA1DB307A200FC4081 /* Project object */;
			proxyType = 1;
			remoteGlobalIDString = 6B1D24F11DB307A200FC4081;
			remoteInfo = ALView;
		};
		6B1D25171DB307A300FC4081 /* PBXContainerItemProxy */ = {
			isa = PBXContainerItemProxy;
			containerPortal = 6B1D24EA1DB307A200FC4081 /* Project object */;
			proxyType = 1;
			remoteGlobalIDString = 6B1D24F11DB307A200FC4081;
			remoteInfo = ALView;
		};
/* End PBXContainerItemProxy section */

/* Begin PBXFileReference section */
		6B099BE71DD0071A0031F8EA /* ALLabel.h */ = {isa = PBXFileReference; fileEncoding = 4; lastKnownFileType = sourcecode.c.h; path = ALLabel.h; sourceTree = "<group>"; };
		6B099BE81DD007300031F8EA /* ALLabel.m */ = {isa = PBXFileReference; fileEncoding = 4; lastKnownFileType = sourcecode.c.objc; path = ALLabel.m; sourceTree = "<group>"; };
		6B1D24F21DB307A200FC4081 /* ALView.app */ = {isa = PBXFileReference; explicitFileType = wrapper.application; includeInIndex = 0; path = ALView.app; sourceTree = BUILT_PRODUCTS_DIR; };
		6B1D24F61DB307A200FC4081 /* main.m */ = {isa = PBXFileReference; lastKnownFileType = sourcecode.c.objc; path = main.m; sourceTree = "<group>"; };
		6B1D24F81DB307A200FC4081 /* AppDelegate.h */ = {isa = PBXFileReference; lastKnownFileType = sourcecode.c.h; path = AppDelegate.h; sourceTree = "<group>"; };
		6B1D24F91DB307A200FC4081 /* AppDelegate.m */ = {isa = PBXFileReference; lastKnownFileType = sourcecode.c.objc; path = AppDelegate.m; sourceTree = "<group>"; };
		6B1D24FB1DB307A200FC4081 /* ViewController.h */ = {isa = PBXFileReference; lastKnownFileType = sourcecode.c.h; path = ViewController.h; sourceTree = "<group>"; };
		6B1D24FC1DB307A200FC4081 /* ViewController.m */ = {isa = PBXFileReference; lastKnownFileType = sourcecode.c.objc; path = ViewController.m; sourceTree = "<group>"; };
		6B1D24FF1DB307A200FC4081 /* Base */ = {isa = PBXFileReference; lastKnownFileType = file.storyboard; name = Base; path = Base.lproj/Main.storyboard; sourceTree = "<group>"; };
		6B1D25011DB307A200FC4081 /* Assets.xcassets */ = {isa = PBXFileReference; lastKnownFileType = folder.assetcatalog; path = Assets.xcassets; sourceTree = "<group>"; };
		6B1D25041DB307A200FC4081 /* Base */ = {isa = PBXFileReference; lastKnownFileType = file.storyboard; name = Base; path = Base.lproj/LaunchScreen.storyboard; sourceTree = "<group>"; };
		6B1D25061DB307A200FC4081 /* Info.plist */ = {isa = PBXFileReference; lastKnownFileType = text.plist.xml; path = Info.plist; sourceTree = "<group>"; };
		6B1D250B1DB307A300FC4081 /* ALViewTests.xctest */ = {isa = PBXFileReference; explicitFileType = wrapper.cfbundle; includeInIndex = 0; path = ALViewTests.xctest; sourceTree = BUILT_PRODUCTS_DIR; };
		6B1D250F1DB307A300FC4081 /* ALViewTests.m */ = {isa = PBXFileReference; lastKnownFileType = sourcecode.c.objc; path = ALViewTests.m; sourceTree = "<group>"; };
		6B1D25111DB307A300FC4081 /* Info.plist */ = {isa = PBXFileReference; lastKnownFileType = text.plist.xml; path = Info.plist; sourceTree = "<group>"; };
		6B1D25161DB307A300FC4081 /* ALViewUITests.xctest */ = {isa = PBXFileReference; explicitFileType = wrapper.cfbundle; includeInIndex = 0; path = ALViewUITests.xctest; sourceTree = BUILT_PRODUCTS_DIR; };
		6B1D251A1DB307A300FC4081 /* ALViewUITests.m */ = {isa = PBXFileReference; lastKnownFileType = sourcecode.c.objc; path = ALViewUITests.m; sourceTree = "<group>"; };
		6B1D251C1DB307A300FC4081 /* Info.plist */ = {isa = PBXFileReference; lastKnownFileType = text.plist.xml; path = Info.plist; sourceTree = "<group>"; };
		6B1D25281DBC4DF100FC4081 /* ALScrollView.h */ = {isa = PBXFileReference; fileEncoding = 4; lastKnownFileType = sourcecode.c.h; path = ALScrollView.h; sourceTree = "<group>"; };
		6B1D25291DBC4E0F00FC4081 /* ALScrollView.m */ = {isa = PBXFileReference; fileEncoding = 4; lastKnownFileType = sourcecode.c.objc; path = ALScrollView.m; sourceTree = "<group>"; };
		6B1D25571DBE5C6800FC4081 /* UIView+ALEngine.h */ = {isa = PBXFileReference; fileEncoding = 4; lastKnownFileType = sourcecode.c.h; path = "UIView+ALEngine.h"; sourceTree = "<group>"; };
		6B1D257D1DBE5F5700FC4081 /* UIView+ALEngine.m */ = {isa = PBXFileReference; fileEncoding = 4; lastKnownFileType = sourcecode.c.objc; path = "UIView+ALEngine.m"; sourceTree = "<group>"; };
		6B1D25811DBFB20300FC4081 /* ALView.h */ = {isa = PBXFileReference; fileEncoding = 4; lastKnownFileType = sourcecode.c.h; path = ALView.h; sourceTree = "<group>"; };
		6B1D25821DBFB23A00FC4081 /* ALView.m */ = {isa = PBXFileReference; fileEncoding = 4; lastKnownFileType = sourcecode.c.objc; path = ALView.m; sourceTree = "<group>"; };
		6B294FEA1E3DDB0600DC3688 /* ALNode.h */ = {isa = PBXFileReference; fileEncoding = 4; lastKnownFileType = sourcecode.c.h; path = ALNode.h; sourceTree = "<group>"; };
		6B700E671DEC34B6002B49AD /* ALRow.h */ = {isa = PBXFileReference; fileEncoding = 4; lastKnownFileType = sourcecode.c.h; path = ALRow.h; sourceTree = "<group>"; };
		6B700E681DEC35E6002B49AD /* ALRow.m */ = {isa = PBXFileReference; fileEncoding = 4; lastKnownFileType = sourcecode.c.objc; path = ALRow.m; sourceTree = "<group>"; };
		6B700E6C1DF298A7002B49AD /* ALRowManager.h */ = {isa = PBXFileReference; fileEncoding = 4; lastKnownFileType = sourcecode.c.h; path = ALRowManager.h; sourceTree = "<group>"; };
		6B700E6D1DF298FB002B49AD /* ALRowManager.m */ = {isa = PBXFileReference; fileEncoding = 4; lastKnownFileType = sourcecode.c.objc; path = ALRowManager.m; sourceTree = "<group>"; };
		6B840CD51E530732006031DF /* UserInfoModel.h */ = {isa = PBXFileReference; fileEncoding = 4; lastKnownFileType = sourcecode.c.h; path = UserInfoModel.h; sourceTree = "<group>"; };
		6B840CD61E530760006031DF /* UserInfoModel.m */ = {isa = PBXFileReference; fileEncoding = 4; lastKnownFileType = sourcecode.c.objc; path = UserInfoModel.m; sourceTree = "<group>"; };
		6B840CDA1E532851006031DF /* PerfTestNeatByTableView.h */ = {isa = PBXFileReference; fileEncoding = 4; lastKnownFileType = sourcecode.c.h; path = PerfTestNeatByTableView.h; sourceTree = "<group>"; };
		6B840CDB1E53285E006031DF /* PerfTestNeatByTableView.m */ = {isa = PBXFileReference; fileEncoding = 4; lastKnownFileType = sourcecode.c.objc; path = PerfTestNeatByTableView.m; sourceTree = "<group>"; };
		6B840D0C1E545D5C006031DF /* NearByALEngineCell.h */ = {isa = PBXFileReference; fileEncoding = 4; lastKnownFileType = sourcecode.c.h; path = NearByALEngineCell.h; sourceTree = "<group>"; };
		6B840D0D1E545DCE006031DF /* NearByALEngineCell.m */ = {isa = PBXFileReference; fileEncoding = 4; lastKnownFileType = sourcecode.c.objc; path = NearByALEngineCell.m; sourceTree = "<group>"; };
		6B840D0F1E545E2C006031DF /* NearByUIViewCell.h */ = {isa = PBXFileReference; fileEncoding = 4; lastKnownFileType = sourcecode.c.h; path = NearByUIViewCell.h; sourceTree = "<group>"; };
		6B840D101E545E4C006031DF /* NearByUIViewCell.m */ = {isa = PBXFileReference; fileEncoding = 4; lastKnownFileType = sourcecode.c.objc; path = NearByUIViewCell.m; sourceTree = "<group>"; };
		6B840D131E5466FD006031DF /* 140.jpeg */ = {isa = PBXFileReference; lastKnownFileType = image.jpeg; path = 140.jpeg; sourceTree = "<group>"; };
		6B840D141E5466FD006031DF /* 141.jpeg */ = {isa = PBXFileReference; lastKnownFileType = image.jpeg; path = 141.jpeg; sourceTree = "<group>"; };
		6B840D151E5466FD006031DF /* 142.jpeg */ = {isa = PBXFileReference; lastKnownFileType = image.jpeg; path = 142.jpeg; sourceTree = "<group>"; };
		6B840D161E5466FD006031DF /* 143.jpeg */ = {isa = PBXFileReference; lastKnownFileType = image.jpeg; path = 143.jpeg; sourceTree = "<group>"; };
		6B840D171E5466FD006031DF /* 144.jpeg */ = {isa = PBXFileReference; lastKnownFileType = image.jpeg; path = 144.jpeg; sourceTree = "<group>"; };
		6B840D181E5466FD006031DF /* 145.jpeg */ = {isa = PBXFileReference; lastKnownFileType = image.jpeg; path = 145.jpeg; sourceTree = "<group>"; };
		6B840D191E5466FD006031DF /* 146.jpeg */ = {isa = PBXFileReference; lastKnownFileType = image.jpeg; path = 146.jpeg; sourceTree = "<group>"; };
		6B840D1A1E5466FD006031DF /* 147.jpeg */ = {isa = PBXFileReference; lastKnownFileType = image.jpeg; path = 147.jpeg; sourceTree = "<group>"; };
		6B840D1B1E5466FD006031DF /* 148.jpeg */ = {isa = PBXFileReference; lastKnownFileType = image.jpeg; path = 148.jpeg; sourceTree = "<group>"; };
		6B840D1C1E5466FD006031DF /* 149.jpeg */ = {isa = PBXFileReference; lastKnownFileType = image.jpeg; path = 149.jpeg; sourceTree = "<group>"; };
		6B840D1D1E5466FD006031DF /* 150.jpeg */ = {isa = PBXFileReference; lastKnownFileType = image.jpeg; path = 150.jpeg; sourceTree = "<group>"; };
		6B840D1E1E5466FD006031DF /* 151.jpeg */ = {isa = PBXFileReference; lastKnownFileType = image.jpeg; path = 151.jpeg; sourceTree = "<group>"; };
		6B840D1F1E5466FD006031DF /* 152.jpeg */ = {isa = PBXFileReference; lastKnownFileType = image.jpeg; path = 152.jpeg; sourceTree = "<group>"; };
		6B840D201E5466FD006031DF /* 153.jpeg */ = {isa = PBXFileReference; lastKnownFileType = image.jpeg; path = 153.jpeg; sourceTree = "<group>"; };
		6B840D211E5466FD006031DF /* 154.jpeg */ = {isa = PBXFileReference; lastKnownFileType = image.jpeg; path = 154.jpeg; sourceTree = "<group>"; };
		6B840D221E5466FD006031DF /* 155.jpeg */ = {isa = PBXFileReference; lastKnownFileType = image.jpeg; path = 155.jpeg; sourceTree = "<group>"; };
		6B840D231E5466FD006031DF /* 156.jpeg */ = {isa = PBXFileReference; lastKnownFileType = image.jpeg; path = 156.jpeg; sourceTree = "<group>"; };
		6B840D241E5466FD006031DF /* 157.jpeg */ = {isa = PBXFileReference; lastKnownFileType = image.jpeg; path = 157.jpeg; sourceTree = "<group>"; };
		6B840D251E5466FD006031DF /* 158.jpeg */ = {isa = PBXFileReference; lastKnownFileType = image.jpeg; path = 158.jpeg; sourceTree = "<group>"; };
		6B840D261E5466FD006031DF /* 159.jpeg */ = {isa = PBXFileReference; lastKnownFileType = image.jpeg; path = 159.jpeg; sourceTree = "<group>"; };
		6B840D271E5466FD006031DF /* 160.jpeg */ = {isa = PBXFileReference; lastKnownFileType = image.jpeg; path = 160.jpeg; sourceTree = "<group>"; };
		6B840D281E5466FD006031DF /* 161.jpeg */ = {isa = PBXFileReference; lastKnownFileType = image.jpeg; path = 161.jpeg; sourceTree = "<group>"; };
		6B840D291E5466FD006031DF /* 162.jpeg */ = {isa = PBXFileReference; lastKnownFileType = image.jpeg; path = 162.jpeg; sourceTree = "<group>"; };
		6B840D2A1E5466FD006031DF /* 163.jpeg */ = {isa = PBXFileReference; lastKnownFileType = image.jpeg; path = 163.jpeg; sourceTree = "<group>"; };
		6B840D2B1E5466FD006031DF /* 164.jpeg */ = {isa = PBXFileReference; lastKnownFileType = image.jpeg; path = 164.jpeg; sourceTree = "<group>"; };
		6B840D471E54843A006031DF /* lbs_nearbyfriend_tag_icon@2x.png */ = {isa = PBXFileReference; lastKnownFileType = image.png; path = "lbs_nearbyfriend_tag_icon@2x.png"; sourceTree = "<group>"; };
		6B840D4F1E5555D3006031DF /* lbs_nearbyfriend_female_icon@2x.png */ = {isa = PBXFileReference; lastKnownFileType = image.png; path = "lbs_nearbyfriend_female_icon@2x.png"; sourceTree = "<group>"; };
		6B840D501E5555D3006031DF /* lbs_nearbyfriend_male_icon@2x.png */ = {isa = PBXFileReference; lastKnownFileType = image.png; path = "lbs_nearbyfriend_male_icon@2x.png"; sourceTree = "<group>"; };
		6B840D531E555CE9006031DF /* lbs_nearbyfriend_vip_icon@2x.png */ = {isa = PBXFileReference; lastKnownFileType = image.png; path = "lbs_nearbyfriend_vip_icon@2x.png"; sourceTree = "<group>"; };
		6BB7F9621E49BF40005917E5 /* ALNode.m */ = {isa = PBXFileReference; fileEncoding = 4; lastKnownFileType = sourcecode.c.objc; path = ALNode.m; sourceTree = "<group>"; };
		6BB7F9671E49C4C4005917E5 /* PrefTestTableView.h */ = {isa = PBXFileReference; fileEncoding = 4; lastKnownFileType = sourcecode.c.h; path = PrefTestTableView.h; sourceTree = "<group>"; };
		6BB7F9681E49C542005917E5 /* PrefTestTableView.m */ = {isa = PBXFileReference; fileEncoding = 4; lastKnownFileType = sourcecode.c.objc; path = PrefTestTableView.m; sourceTree = "<group>"; };
		6BB7F96A1E49C9E9005917E5 /* ALEngineViewCell.h */ = {isa = PBXFileReference; fileEncoding = 4; lastKnownFileType = sourcecode.c.h; path = ALEngineViewCell.h; sourceTree = "<group>"; };
		6BB7F96B1E49CA2E005917E5 /* ALEngineViewCell.m */ = {isa = PBXFileReference; fileEncoding = 4; lastKnownFileType = sourcecode.c.objc; path = ALEngineViewCell.m; sourceTree = "<group>"; };
		6BB7F96D1E49CB09005917E5 /* TableViewCellModel.h */ = {isa = PBXFileReference; fileEncoding = 4; lastKnownFileType = sourcecode.c.h; path = TableViewCellModel.h; sourceTree = "<group>"; };
		6BB7F96E1E49CB1A005917E5 /* TableViewCellModel.m */ = {isa = PBXFileReference; fileEncoding = 4; lastKnownFileType = sourcecode.c.objc; path = TableViewCellModel.m; sourceTree = "<group>"; };
		6BB7F9701E49CBF3005917E5 /* UIViewCell.h */ = {isa = PBXFileReference; fileEncoding = 4; lastKnownFileType = sourcecode.c.h; path = UIViewCell.h; sourceTree = "<group>"; };
		6BB7F9711E49CC5B005917E5 /* UIViewCell.m */ = {isa = PBXFileReference; fileEncoding = 4; lastKnownFileType = sourcecode.c.objc; path = UIViewCell.m; sourceTree = "<group>"; };
		6BB7F9741E49F850005917E5 /* 1.jpeg */ = {isa = PBXFileReference; lastKnownFileType = image.jpeg; path = 1.jpeg; sourceTree = "<group>"; };
		6BB7F9751E49F850005917E5 /* 2.jpeg */ = {isa = PBXFileReference; lastKnownFileType = image.jpeg; path = 2.jpeg; sourceTree = "<group>"; };
		6BB7F9761E49F850005917E5 /* 3.jpeg */ = {isa = PBXFileReference; lastKnownFileType = image.jpeg; path = 3.jpeg; sourceTree = "<group>"; };
		6BB7F9771E49F850005917E5 /* 4.jpeg */ = {isa = PBXFileReference; lastKnownFileType = image.jpeg; path = 4.jpeg; sourceTree = "<group>"; };
		6BB7F9781E49F850005917E5 /* 5.jpeg */ = {isa = PBXFileReference; lastKnownFileType = image.jpeg; path = 5.jpeg; sourceTree = "<group>"; };
		6BB7F9791E49F850005917E5 /* 6.jpeg */ = {isa = PBXFileReference; lastKnownFileType = image.jpeg; path = 6.jpeg; sourceTree = "<group>"; };
		6BB7F97A1E49F850005917E5 /* 7.jpeg */ = {isa = PBXFileReference; lastKnownFileType = image.jpeg; path = 7.jpeg; sourceTree = "<group>"; };
		6BB7F97B1E49F850005917E5 /* 8.jpeg */ = {isa = PBXFileReference; lastKnownFileType = image.jpeg; path = 8.jpeg; sourceTree = "<group>"; };
		6BB7F97C1E49F850005917E5 /* cirolong.png */ = {isa = PBXFileReference; lastKnownFileType = image.png; path = cirolong.png; sourceTree = "<group>"; };
		6BB7F97D1E49F850005917E5 /* jdochen.png */ = {isa = PBXFileReference; lastKnownFileType = image.png; path = jdochen.png; sourceTree = "<group>"; };
		6BB7F97E1E49F850005917E5 /* justinytang.png */ = {isa = PBXFileReference; lastKnownFileType = image.png; path = justinytang.png; sourceTree = "<group>"; };
		6BB7F97F1E49F850005917E5 /* maxsezhang.png */ = {isa = PBXFileReference; lastKnownFileType = image.png; path = maxsezhang.png; sourceTree = "<group>"; };
		6BB7F9801E49F850005917E5 /* nicema.png */ = {isa = PBXFileReference; lastKnownFileType = image.png; path = nicema.png; sourceTree = "<group>"; };
		6BB7F9811E49F850005917E5 /* peterlmeng.png */ = {isa = PBXFileReference; lastKnownFileType = image.png; path = peterlmeng.png; sourceTree = "<group>"; };
		6BB7F9821E49F850005917E5 /* simplehuang.png */ = {isa = PBXFileReference; lastKnownFileType = image.png; path = simplehuang.png; sourceTree = "<group>"; };
		6BB7F9831E49F850005917E5 /* xiangruli.png */ = {isa = PBXFileReference; lastKnownFileType = image.png; path = xiangruli.png; sourceTree = "<group>"; };
		6BC8B1281DF7BEB6006F3832 /* ALStyle.h */ = {isa = PBXFileReference; fileEncoding = 4; lastKnownFileType = sourcecode.c.h; path = ALStyle.h; sourceTree = "<group>"; };
		6BC8B1291DF7BEF3006F3832 /* ALStyle.m */ = {isa = PBXFileReference; fileEncoding = 4; lastKnownFileType = sourcecode.c.objc; path = ALStyle.m; sourceTree = "<group>"; };
/* End PBXFileReference section */

/* Begin PBXFrameworksBuildPhase section */
		6B1D24EF1DB307A200FC4081 /* Frameworks */ = {
			isa = PBXFrameworksBuildPhase;
			buildActionMask = 2147483647;
			files = (
			);
			runOnlyForDeploymentPostprocessing = 0;
		};
		6B1D25081DB307A300FC4081 /* Frameworks */ = {
			isa = PBXFrameworksBuildPhase;
			buildActionMask = 2147483647;
			files = (
			);
			runOnlyForDeploymentPostprocessing = 0;
		};
		6B1D25131DB307A300FC4081 /* Frameworks */ = {
			isa = PBXFrameworksBuildPhase;
			buildActionMask = 2147483647;
			files = (
			);
			runOnlyForDeploymentPostprocessing = 0;
		};
/* End PBXFrameworksBuildPhase section */

/* Begin PBXGroup section */
		6B1D24E91DB307A200FC4081 = {
			isa = PBXGroup;
			children = (
				6B1D24F41DB307A200FC4081 /* ALView */,
				6B1D250E1DB307A300FC4081 /* ALViewTests */,
				6B1D25191DB307A300FC4081 /* ALViewUITests */,
				6B1D24F31DB307A200FC4081 /* Products */,
				6BB7F9641E49C241005917E5 /* PrefTests */,
			);
			sourceTree = "<group>";
		};
		6B1D24F31DB307A200FC4081 /* Products */ = {
			isa = PBXGroup;
			children = (
				6B1D24F21DB307A200FC4081 /* ALView.app */,
				6B1D250B1DB307A300FC4081 /* ALViewTests.xctest */,
				6B1D25161DB307A300FC4081 /* ALViewUITests.xctest */,
			);
			name = Products;
			sourceTree = "<group>";
		};
		6B1D24F41DB307A200FC4081 /* ALView */ = {
			isa = PBXGroup;
			children = (
				6B294FEA1E3DDB0600DC3688 /* ALNode.h */,
				6BB7F9621E49BF40005917E5 /* ALNode.m */,
				6B700E671DEC34B6002B49AD /* ALRow.h */,
				6B700E681DEC35E6002B49AD /* ALRow.m */,
				6BC8B1281DF7BEB6006F3832 /* ALStyle.h */,
				6BC8B1291DF7BEF3006F3832 /* ALStyle.m */,
				6B700E6C1DF298A7002B49AD /* ALRowManager.h */,
				6B700E6D1DF298FB002B49AD /* ALRowManager.m */,
				6B1D25571DBE5C6800FC4081 /* UIView+ALEngine.h */,
				6B1D257D1DBE5F5700FC4081 /* UIView+ALEngine.m */,
				6B1D25811DBFB20300FC4081 /* ALView.h */,
				6B1D25821DBFB23A00FC4081 /* ALView.m */,
				6B099BE71DD0071A0031F8EA /* ALLabel.h */,
				6B099BE81DD007300031F8EA /* ALLabel.m */,
				6B1D25281DBC4DF100FC4081 /* ALScrollView.h */,
				6B1D25291DBC4E0F00FC4081 /* ALScrollView.m */,
				6B1D24F81DB307A200FC4081 /* AppDelegate.h */,
				6B1D24F91DB307A200FC4081 /* AppDelegate.m */,
				6B1D24FB1DB307A200FC4081 /* ViewController.h */,
				6B1D24FC1DB307A200FC4081 /* ViewController.m */,
				6B1D24FE1DB307A200FC4081 /* Main.storyboard */,
				6B1D25011DB307A200FC4081 /* Assets.xcassets */,
				6B1D25031DB307A200FC4081 /* LaunchScreen.storyboard */,
				6B1D25061DB307A200FC4081 /* Info.plist */,
				6B1D24F51DB307A200FC4081 /* Supporting Files */,
			);
			path = ALView;
			sourceTree = "<group>";
		};
		6B1D24F51DB307A200FC4081 /* Supporting Files */ = {
			isa = PBXGroup;
			children = (
				6B1D24F61DB307A200FC4081 /* main.m */,
			);
			name = "Supporting Files";
			sourceTree = "<group>";
		};
		6B1D250E1DB307A300FC4081 /* ALViewTests */ = {
			isa = PBXGroup;
			children = (
				6B1D250F1DB307A300FC4081 /* ALViewTests.m */,
				6B1D25111DB307A300FC4081 /* Info.plist */,
			);
			path = ALViewTests;
			sourceTree = "<group>";
		};
		6B1D25191DB307A300FC4081 /* ALViewUITests */ = {
			isa = PBXGroup;
			children = (
				6B1D251A1DB307A300FC4081 /* ALViewUITests.m */,
				6B1D251C1DB307A300FC4081 /* Info.plist */,
			);
			path = ALViewUITests;
			sourceTree = "<group>";
		};
		6B840D121E5466FD006031DF /* strangers */ = {
			isa = PBXGroup;
			children = (
				6B840D531E555CE9006031DF /* lbs_nearbyfriend_vip_icon@2x.png */,
				6B840D4F1E5555D3006031DF /* lbs_nearbyfriend_female_icon@2x.png */,
				6B840D501E5555D3006031DF /* lbs_nearbyfriend_male_icon@2x.png */,
				6B840D471E54843A006031DF /* lbs_nearbyfriend_tag_icon@2x.png */,
				6B840D131E5466FD006031DF /* 140.jpeg */,
				6B840D141E5466FD006031DF /* 141.jpeg */,
				6B840D151E5466FD006031DF /* 142.jpeg */,
				6B840D161E5466FD006031DF /* 143.jpeg */,
				6B840D171E5466FD006031DF /* 144.jpeg */,
				6B840D181E5466FD006031DF /* 145.jpeg */,
				6B840D191E5466FD006031DF /* 146.jpeg */,
				6B840D1A1E5466FD006031DF /* 147.jpeg */,
				6B840D1B1E5466FD006031DF /* 148.jpeg */,
				6B840D1C1E5466FD006031DF /* 149.jpeg */,
				6B840D1D1E5466FD006031DF /* 150.jpeg */,
				6B840D1E1E5466FD006031DF /* 151.jpeg */,
				6B840D1F1E5466FD006031DF /* 152.jpeg */,
				6B840D201E5466FD006031DF /* 153.jpeg */,
				6B840D211E5466FD006031DF /* 154.jpeg */,
				6B840D221E5466FD006031DF /* 155.jpeg */,
				6B840D231E5466FD006031DF /* 156.jpeg */,
				6B840D241E5466FD006031DF /* 157.jpeg */,
				6B840D251E5466FD006031DF /* 158.jpeg */,
				6B840D261E5466FD006031DF /* 159.jpeg */,
				6B840D271E5466FD006031DF /* 160.jpeg */,
				6B840D281E5466FD006031DF /* 161.jpeg */,
				6B840D291E5466FD006031DF /* 162.jpeg */,
				6B840D2A1E5466FD006031DF /* 163.jpeg */,
				6B840D2B1E5466FD006031DF /* 164.jpeg */,
			);
			path = strangers;
			sourceTree = "<group>";
		};
		6BB7F9641E49C241005917E5 /* PrefTests */ = {
			isa = PBXGroup;
			children = (
				6BB7F9731E49F7A8005917E5 /* resource */,
				6BB7F9671E49C4C4005917E5 /* PrefTestTableView.h */,
				6BB7F9681E49C542005917E5 /* PrefTestTableView.m */,
				6B840CDA1E532851006031DF /* PerfTestNeatByTableView.h */,
				6B840CDB1E53285E006031DF /* PerfTestNeatByTableView.m */,
				6B840D0C1E545D5C006031DF /* NearByALEngineCell.h */,
				6B840D0D1E545DCE006031DF /* NearByALEngineCell.m */,
				6B840D0F1E545E2C006031DF /* NearByUIViewCell.h */,
				6B840D101E545E4C006031DF /* NearByUIViewCell.m */,
				6BB7F9701E49CBF3005917E5 /* UIViewCell.h */,
				6BB7F9711E49CC5B005917E5 /* UIViewCell.m */,
				6BB7F96D1E49CB09005917E5 /* TableViewCellModel.h */,
				6BB7F96E1E49CB1A005917E5 /* TableViewCellModel.m */,
				6BB7F96A1E49C9E9005917E5 /* ALEngineViewCell.h */,
				6BB7F96B1E49CA2E005917E5 /* ALEngineViewCell.m */,
				6B840CD51E530732006031DF /* UserInfoModel.h */,
				6B840CD61E530760006031DF /* UserInfoModel.m */,
			);
			path = PrefTests;
			sourceTree = "<group>";
		};
		6BB7F9731E49F7A8005917E5 /* resource */ = {
			isa = PBXGroup;
			children = (
				6B840D121E5466FD006031DF /* strangers */,
				6BB7F9741E49F850005917E5 /* 1.jpeg */,
				6BB7F9751E49F850005917E5 /* 2.jpeg */,
				6BB7F9761E49F850005917E5 /* 3.jpeg */,
				6BB7F9771E49F850005917E5 /* 4.jpeg */,
				6BB7F9781E49F850005917E5 /* 5.jpeg */,
				6BB7F9791E49F850005917E5 /* 6.jpeg */,
				6BB7F97A1E49F850005917E5 /* 7.jpeg */,
				6BB7F97B1E49F850005917E5 /* 8.jpeg */,
				6BB7F97C1E49F850005917E5 /* cirolong.png */,
				6BB7F97D1E49F850005917E5 /* jdochen.png */,
				6BB7F97E1E49F850005917E5 /* justinytang.png */,
				6BB7F97F1E49F850005917E5 /* maxsezhang.png */,
				6BB7F9801E49F850005917E5 /* nicema.png */,
				6BB7F9811E49F850005917E5 /* peterlmeng.png */,
				6BB7F9821E49F850005917E5 /* simplehuang.png */,
				6BB7F9831E49F850005917E5 /* xiangruli.png */,
			);
			path = resource;
			sourceTree = "<group>";
		};
/* End PBXGroup section */

/* Begin PBXNativeTarget section */
		6B1D24F11DB307A200FC4081 /* ALView */ = {
			isa = PBXNativeTarget;
			buildConfigurationList = 6B1D251F1DB307A300FC4081 /* Build configuration list for PBXNativeTarget "ALView" */;
			buildPhases = (
				6B1D24EE1DB307A200FC4081 /* Sources */,
				6B1D24EF1DB307A200FC4081 /* Frameworks */,
				6B1D24F01DB307A200FC4081 /* Resources */,
			);
			buildRules = (
			);
			dependencies = (
			);
			name = ALView;
			productName = ALView;
			productReference = 6B1D24F21DB307A200FC4081 /* ALView.app */;
			productType = "com.apple.product-type.application";
		};
		6B1D250A1DB307A300FC4081 /* ALViewTests */ = {
			isa = PBXNativeTarget;
			buildConfigurationList = 6B1D25221DB307A300FC4081 /* Build configuration list for PBXNativeTarget "ALViewTests" */;
			buildPhases = (
				6B1D25071DB307A300FC4081 /* Sources */,
				6B1D25081DB307A300FC4081 /* Frameworks */,
				6B1D25091DB307A300FC4081 /* Resources */,
			);
			buildRules = (
			);
			dependencies = (
				6B1D250D1DB307A300FC4081 /* PBXTargetDependency */,
			);
			name = ALViewTests;
			productName = ALViewTests;
			productReference = 6B1D250B1DB307A300FC4081 /* ALViewTests.xctest */;
			productType = "com.apple.product-type.bundle.unit-test";
		};
		6B1D25151DB307A300FC4081 /* ALViewUITests */ = {
			isa = PBXNativeTarget;
			buildConfigurationList = 6B1D25251DB307A300FC4081 /* Build configuration list for PBXNativeTarget "ALViewUITests" */;
			buildPhases = (
				6B1D25121DB307A300FC4081 /* Sources */,
				6B1D25131DB307A300FC4081 /* Frameworks */,
				6B1D25141DB307A300FC4081 /* Resources */,
			);
			buildRules = (
			);
			dependencies = (
				6B1D25181DB307A300FC4081 /* PBXTargetDependency */,
			);
			name = ALViewUITests;
			productName = ALViewUITests;
			productReference = 6B1D25161DB307A300FC4081 /* ALViewUITests.xctest */;
			productType = "com.apple.product-type.bundle.ui-testing";
		};
/* End PBXNativeTarget section */

/* Begin PBXProject section */
		6B1D24EA1DB307A200FC4081 /* Project object */ = {
			isa = PBXProject;
			attributes = {
				LastUpgradeCheck = 0810;
				ORGANIZATIONNAME = jdochen;
				TargetAttributes = {
					6B1D24F11DB307A200FC4081 = {
						CreatedOnToolsVersion = 8.0;
						DevelopmentTeam = 2G4G67MB66;
						ProvisioningStyle = Automatic;
					};
					6B1D250A1DB307A300FC4081 = {
						CreatedOnToolsVersion = 8.0;
						DevelopmentTeam = 2G4G67MB66;
						ProvisioningStyle = Automatic;
						TestTargetID = 6B1D24F11DB307A200FC4081;
					};
					6B1D25151DB307A300FC4081 = {
						CreatedOnToolsVersion = 8.0;
						DevelopmentTeam = 2G4G67MB66;
						ProvisioningStyle = Automatic;
						TestTargetID = 6B1D24F11DB307A200FC4081;
					};
				};
			};
			buildConfigurationList = 6B1D24ED1DB307A200FC4081 /* Build configuration list for PBXProject "ALView" */;
			compatibilityVersion = "Xcode 3.2";
			developmentRegion = English;
			hasScannedForEncodings = 0;
			knownRegions = (
				en,
				Base,
			);
			mainGroup = 6B1D24E91DB307A200FC4081;
			productRefGroup = 6B1D24F31DB307A200FC4081 /* Products */;
			projectDirPath = "";
			projectRoot = "";
			targets = (
				6B1D24F11DB307A200FC4081 /* ALView */,
				6B1D250A1DB307A300FC4081 /* ALViewTests */,
				6B1D25151DB307A300FC4081 /* ALViewUITests */,
			);
		};
/* End PBXProject section */

/* Begin PBXResourcesBuildPhase section */
		6B1D24F01DB307A200FC4081 /* Resources */ = {
			isa = PBXResourcesBuildPhase;
			buildActionMask = 2147483647;
			files = (
				6B840D431E5466FD006031DF /* 163.jpeg in Resources */,
				6B840D2F1E5466FD006031DF /* 143.jpeg in Resources */,
				6BB7F9851E49F850005917E5 /* 2.jpeg in Resources */,
				6B840D3E1E5466FD006031DF /* 158.jpeg in Resources */,
				6B840D2C1E5466FD006031DF /* 140.jpeg in Resources */,
				6B1D25051DB307A200FC4081 /* LaunchScreen.storyboard in Resources */,
				6B1D25021DB307A200FC4081 /* Assets.xcassets in Resources */,
				6BB7F98F1E49F850005917E5 /* maxsezhang.png in Resources */,
				6B840D361E5466FD006031DF /* 150.jpeg in Resources */,
				6BB7F9861E49F850005917E5 /* 3.jpeg in Resources */,
				6B840D511E5555D3006031DF /* lbs_nearbyfriend_female_icon@2x.png in Resources */,
				6BB7F98C1E49F850005917E5 /* cirolong.png in Resources */,
				6BB7F98B1E49F850005917E5 /* 8.jpeg in Resources */,
				6B840D401E5466FD006031DF /* 160.jpeg in Resources */,
				6B840D341E5466FD006031DF /* 148.jpeg in Resources */,
				6BB7F9871E49F850005917E5 /* 4.jpeg in Resources */,
				6B840D3D1E5466FD006031DF /* 157.jpeg in Resources */,
				6B840D2D1E5466FD006031DF /* 141.jpeg in Resources */,
				6B840D321E5466FD006031DF /* 146.jpeg in Resources */,
				6BB7F98A1E49F850005917E5 /* 7.jpeg in Resources */,
				6B840D2E1E5466FD006031DF /* 142.jpeg in Resources */,
				6BB7F9931E49F850005917E5 /* xiangruli.png in Resources */,
				6B840D331E5466FD006031DF /* 147.jpeg in Resources */,
				6BB7F9911E49F850005917E5 /* peterlmeng.png in Resources */,
				6B840D541E555CE9006031DF /* lbs_nearbyfriend_vip_icon@2x.png in Resources */,
				6BB7F98E1E49F850005917E5 /* justinytang.png in Resources */,
				6B840D381E5466FD006031DF /* 152.jpeg in Resources */,
				6B840D3B1E5466FD006031DF /* 155.jpeg in Resources */,
				6B840D3F1E5466FD006031DF /* 159.jpeg in Resources */,
				6B840D441E5466FD006031DF /* 164.jpeg in Resources */,
				6BB7F9901E49F850005917E5 /* nicema.png in Resources */,
				6B1D25001DB307A200FC4081 /* Main.storyboard in Resources */,
				6B840D3C1E5466FD006031DF /* 156.jpeg in Resources */,
				6BB7F9891E49F850005917E5 /* 6.jpeg in Resources */,
				6B840D371E5466FD006031DF /* 151.jpeg in Resources */,
				6B840D521E5555D3006031DF /* lbs_nearbyfriend_male_icon@2x.png in Resources */,
				6BB7F9841E49F850005917E5 /* 1.jpeg in Resources */,
				6B840D351E5466FD006031DF /* 149.jpeg in Resources */,
				6B840D421E5466FD006031DF /* 162.jpeg in Resources */,
				6BB7F9921E49F850005917E5 /* simplehuang.png in Resources */,
				6B840D4A1E54843A006031DF /* lbs_nearbyfriend_tag_icon@2x.png in Resources */,
				6B840D3A1E5466FD006031DF /* 154.jpeg in Resources */,
				6B840D311E5466FD006031DF /* 145.jpeg in Resources */,
				6B840D301E5466FD006031DF /* 144.jpeg in Resources */,
				6B840D391E5466FD006031DF /* 153.jpeg in Resources */,
				6BB7F98D1E49F850005917E5 /* jdochen.png in Resources */,
				6BB7F9881E49F850005917E5 /* 5.jpeg in Resources */,
				6B840D411E5466FD006031DF /* 161.jpeg in Resources */,
			);
			runOnlyForDeploymentPostprocessing = 0;
		};
		6B1D25091DB307A300FC4081 /* Resources */ = {
			isa = PBXResourcesBuildPhase;
			buildActionMask = 2147483647;
			files = (
			);
			runOnlyForDeploymentPostprocessing = 0;
		};
		6B1D25141DB307A300FC4081 /* Resources */ = {
			isa = PBXResourcesBuildPhase;
			buildActionMask = 2147483647;
			files = (
			);
			runOnlyForDeploymentPostprocessing = 0;
		};
/* End PBXResourcesBuildPhase section */

/* Begin PBXSourcesBuildPhase section */
		6B1D24EE1DB307A200FC4081 /* Sources */ = {
			isa = PBXSourcesBuildPhase;
			buildActionMask = 2147483647;
			files = (
				6B840CDC1E53285E006031DF /* PerfTestNeatByTableView.m in Sources */,
				6B1D24FD1DB307A200FC4081 /* ViewController.m in Sources */,
				6B1D252A1DBC4E0F00FC4081 /* ALScrollView.m in Sources */,
				6B1D257E1DBE5F5700FC4081 /* UIView+ALEngine.m in Sources */,
				6B1D24FA1DB307A200FC4081 /* AppDelegate.m in Sources */,
				6B700E6E1DF298FB002B49AD /* ALRowManager.m in Sources */,
				6B1D24F71DB307A200FC4081 /* main.m in Sources */,
				6B840D0E1E545DCE006031DF /* NearByALEngineCell.m in Sources */,
				6B840CD71E530760006031DF /* UserInfoModel.m in Sources */,
				6B1D25831DBFB23A00FC4081 /* ALView.m in Sources */,
				6B099BE91DD007300031F8EA /* ALLabel.m in Sources */,
				6BB7F96C1E49CA2E005917E5 /* ALEngineViewCell.m in Sources */,
				6BB7F9691E49C542005917E5 /* PrefTestTableView.m in Sources */,
				6B840D111E545E4C006031DF /* NearByUIViewCell.m in Sources */,
				6BB7F9721E49CC5B005917E5 /* UIViewCell.m in Sources */,
				6BC8B12A1DF7BEF3006F3832 /* ALStyle.m in Sources */,
				6BB7F96F1E49CB1A005917E5 /* TableViewCellModel.m in Sources */,
				6BB7F9631E49BF40005917E5 /* ALNode.m in Sources */,
				6B700E691DEC35E6002B49AD /* ALRow.m in Sources */,
			);
			runOnlyForDeploymentPostprocessing = 0;
		};
		6B1D25071DB307A300FC4081 /* Sources */ = {
			isa = PBXSourcesBuildPhase;
			buildActionMask = 2147483647;
			files = (
				6B1D252B1DBC4E0F00FC4081 /* ALScrollView.m in Sources */,
				6B700E6F1DF298FB002B49AD /* ALRowManager.m in Sources */,
				6B700E6A1DEC35E6002B49AD /* ALRow.m in Sources */,
				6B1D25101DB307A300FC4081 /* ALViewTests.m in Sources */,
				6B1D25841DBFB23A00FC4081 /* ALView.m in Sources */,
				6BC8B12B1DF7BEF3006F3832 /* ALStyle.m in Sources */,
				6B1D257F1DBE5F5700FC4081 /* UIView+ALEngine.m in Sources */,
			);
			runOnlyForDeploymentPostprocessing = 0;
		};
		6B1D25121DB307A300FC4081 /* Sources */ = {
			isa = PBXSourcesBuildPhase;
			buildActionMask = 2147483647;
			files = (
				6B1D252C1DBC4E0F00FC4081 /* ALScrollView.m in Sources */,
				6B700E701DF298FB002B49AD /* ALRowManager.m in Sources */,
				6B700E6B1DEC35E6002B49AD /* ALRow.m in Sources */,
				6B1D251B1DB307A300FC4081 /* ALViewUITests.m in Sources */,
				6B1D25851DBFB23A00FC4081 /* ALView.m in Sources */,
				6BC8B12C1DF7BEF3006F3832 /* ALStyle.m in Sources */,
				6B1D25801DBE5F5700FC4081 /* UIView+ALEngine.m in Sources */,
			);
			runOnlyForDeploymentPostprocessing = 0;
		};
/* End PBXSourcesBuildPhase section */

/* Begin PBXTargetDependency section */
		6B1D250D1DB307A300FC4081 /* PBXTargetDependency */ = {
			isa = PBXTargetDependency;
			target = 6B1D24F11DB307A200FC4081 /* ALView */;
			targetProxy = 6B1D250C1DB307A300FC4081 /* PBXContainerItemProxy */;
		};
		6B1D25181DB307A300FC4081 /* PBXTargetDependency */ = {
			isa = PBXTargetDependency;
			target = 6B1D24F11DB307A200FC4081 /* ALView */;
			targetProxy = 6B1D25171DB307A300FC4081 /* PBXContainerItemProxy */;
		};
/* End PBXTargetDependency section */

/* Begin PBXVariantGroup section */
		6B1D24FE1DB307A200FC4081 /* Main.storyboard */ = {
			isa = PBXVariantGroup;
			children = (
				6B1D24FF1DB307A200FC4081 /* Base */,
			);
			name = Main.storyboard;
			sourceTree = "<group>";
		};
		6B1D25031DB307A200FC4081 /* LaunchScreen.storyboard */ = {
			isa = PBXVariantGroup;
			children = (
				6B1D25041DB307A200FC4081 /* Base */,
			);
			name = LaunchScreen.storyboard;
			sourceTree = "<group>";
		};
/* End PBXVariantGroup section */

/* Begin XCBuildConfiguration section */
		6B1D251D1DB307A300FC4081 /* Debug */ = {
			isa = XCBuildConfiguration;
			buildSettings = {
				ALWAYS_SEARCH_USER_PATHS = NO;
				CLANG_ANALYZER_NONNULL = YES;
				CLANG_CXX_LANGUAGE_STANDARD = "gnu++0x";
				CLANG_CXX_LIBRARY = "libc++";
				CLANG_ENABLE_MODULES = YES;
				CLANG_ENABLE_OBJC_ARC = YES;
				CLANG_WARN_BOOL_CONVERSION = YES;
				CLANG_WARN_CONSTANT_CONVERSION = YES;
				CLANG_WARN_DIRECT_OBJC_ISA_USAGE = YES_ERROR;
				CLANG_WARN_DOCUMENTATION_COMMENTS = YES;
				CLANG_WARN_EMPTY_BODY = YES;
				CLANG_WARN_ENUM_CONVERSION = YES;
				CLANG_WARN_INFINITE_RECURSION = YES;
				CLANG_WARN_INT_CONVERSION = YES;
				CLANG_WARN_OBJC_ROOT_CLASS = YES_ERROR;
				CLANG_WARN_SUSPICIOUS_MOVE = YES;
				CLANG_WARN_SUSPICIOUS_MOVES = YES;
				CLANG_WARN_UNREACHABLE_CODE = YES;
				CLANG_WARN__DUPLICATE_METHOD_MATCH = YES;
				"CODE_SIGN_IDENTITY[sdk=iphoneos*]" = "iPhone Developer";
				COPY_PHASE_STRIP = NO;
				DEBUG_INFORMATION_FORMAT = dwarf;
				ENABLE_STRICT_OBJC_MSGSEND = YES;
				ENABLE_TESTABILITY = YES;
				GCC_C_LANGUAGE_STANDARD = gnu99;
				GCC_DYNAMIC_NO_PIC = NO;
				GCC_NO_COMMON_BLOCKS = YES;
				GCC_OPTIMIZATION_LEVEL = 0;
				GCC_PREPROCESSOR_DEFINITIONS = (
					"DEBUG=1",
					"$(inherited)",
				);
				GCC_WARN_64_TO_32_BIT_CONVERSION = YES;
				GCC_WARN_ABOUT_RETURN_TYPE = YES_ERROR;
				GCC_WARN_UNDECLARED_SELECTOR = YES;
				GCC_WARN_UNINITIALIZED_AUTOS = YES_AGGRESSIVE;
				GCC_WARN_UNUSED_FUNCTION = YES;
				GCC_WARN_UNUSED_VARIABLE = YES;
				IPHONEOS_DEPLOYMENT_TARGET = 8.0;
				MTL_ENABLE_DEBUG_INFO = YES;
				ONLY_ACTIVE_ARCH = YES;
				SDKROOT = iphoneos;
			};
			name = Debug;
		};
		6B1D251E1DB307A300FC4081 /* Release */ = {
			isa = XCBuildConfiguration;
			buildSettings = {
				ALWAYS_SEARCH_USER_PATHS = NO;
				CLANG_ANALYZER_NONNULL = YES;
				CLANG_CXX_LANGUAGE_STANDARD = "gnu++0x";
				CLANG_CXX_LIBRARY = "libc++";
				CLANG_ENABLE_MODULES = YES;
				CLANG_ENABLE_OBJC_ARC = YES;
				CLANG_WARN_BOOL_CONVERSION = YES;
				CLANG_WARN_CONSTANT_CONVERSION = YES;
				CLANG_WARN_DIRECT_OBJC_ISA_USAGE = YES_ERROR;
				CLANG_WARN_DOCUMENTATION_COMMENTS = YES;
				CLANG_WARN_EMPTY_BODY = YES;
				CLANG_WARN_ENUM_CONVERSION = YES;
				CLANG_WARN_INFINITE_RECURSION = YES;
				CLANG_WARN_INT_CONVERSION = YES;
				CLANG_WARN_OBJC_ROOT_CLASS = YES_ERROR;
				CLANG_WARN_SUSPICIOUS_MOVE = YES;
				CLANG_WARN_SUSPICIOUS_MOVES = YES;
				CLANG_WARN_UNREACHABLE_CODE = YES;
				CLANG_WARN__DUPLICATE_METHOD_MATCH = YES;
				"CODE_SIGN_IDENTITY[sdk=iphoneos*]" = "iPhone Developer";
				COPY_PHASE_STRIP = NO;
				DEBUG_INFORMATION_FORMAT = "dwarf-with-dsym";
				ENABLE_NS_ASSERTIONS = NO;
				ENABLE_STRICT_OBJC_MSGSEND = YES;
				GCC_C_LANGUAGE_STANDARD = gnu99;
				GCC_NO_COMMON_BLOCKS = YES;
				GCC_WARN_64_TO_32_BIT_CONVERSION = YES;
				GCC_WARN_ABOUT_RETURN_TYPE = YES_ERROR;
				GCC_WARN_UNDECLARED_SELECTOR = YES;
				GCC_WARN_UNINITIALIZED_AUTOS = YES_AGGRESSIVE;
				GCC_WARN_UNUSED_FUNCTION = YES;
				GCC_WARN_UNUSED_VARIABLE = YES;
				IPHONEOS_DEPLOYMENT_TARGET = 8.0;
				MTL_ENABLE_DEBUG_INFO = NO;
				SDKROOT = iphoneos;
				VALIDATE_PRODUCT = YES;
			};
			name = Release;
		};
		6B1D25201DB307A300FC4081 /* Debug */ = {
			isa = XCBuildConfiguration;
			buildSettings = {
				ASSETCATALOG_COMPILER_APPICON_NAME = AppIcon;
				DEBUG_INFORMATION_FORMAT = "dwarf-with-dsym";
				DEVELOPMENT_TEAM = 2G4G67MB66;
				INFOPLIST_FILE = ALView/Info.plist;
				IPHONEOS_DEPLOYMENT_TARGET = 8.0;
				LD_RUNPATH_SEARCH_PATHS = "$(inherited) @executable_path/Frameworks";
				PRODUCT_BUNDLE_IDENTIFIER = com.tencent.ALView;
				PRODUCT_NAME = "$(TARGET_NAME)";
			};
			name = Debug;
		};
		6B1D25211DB307A300FC4081 /* Release */ = {
			isa = XCBuildConfiguration;
			buildSettings = {
				ASSETCATALOG_COMPILER_APPICON_NAME = AppIcon;
				DEVELOPMENT_TEAM = 2G4G67MB66;
				INFOPLIST_FILE = ALView/Info.plist;
				IPHONEOS_DEPLOYMENT_TARGET = 8.0;
				LD_RUNPATH_SEARCH_PATHS = "$(inherited) @executable_path/Frameworks";
				PRODUCT_BUNDLE_IDENTIFIER = com.tencent.ALView;
				PRODUCT_NAME = "$(TARGET_NAME)";
			};
			name = Release;
		};
		6B1D25231DB307A300FC4081 /* Debug */ = {
			isa = XCBuildConfiguration;
			buildSettings = {
				BUNDLE_LOADER = "$(TEST_HOST)";
				DEVELOPMENT_TEAM = 2G4G67MB66;
				INFOPLIST_FILE = ALViewTests/Info.plist;
				LD_RUNPATH_SEARCH_PATHS = "$(inherited) @executable_path/Frameworks @loader_path/Frameworks";
				PRODUCT_BUNDLE_IDENTIFIER = com.tencent.ALViewTests;
				PRODUCT_NAME = "$(TARGET_NAME)";
				TEST_HOST = "$(BUILT_PRODUCTS_DIR)/ALView.app/ALView";
			};
			name = Debug;
		};
		6B1D25241DB307A300FC4081 /* Release */ = {
			isa = XCBuildConfiguration;
			buildSettings = {
				BUNDLE_LOADER = "$(TEST_HOST)";
				DEVELOPMENT_TEAM = 2G4G67MB66;
				INFOPLIST_FILE = ALViewTests/Info.plist;
				LD_RUNPATH_SEARCH_PATHS = "$(inherited) @executable_path/Frameworks @loader_path/Frameworks";
				PRODUCT_BUNDLE_IDENTIFIER = com.tencent.ALViewTests;
				PRODUCT_NAME = "$(TARGET_NAME)";
				TEST_HOST = "$(BUILT_PRODUCTS_DIR)/ALView.app/ALView";
			};
			name = Release;
		};
		6B1D25261DB307A300FC4081 /* Debug */ = {
			isa = XCBuildConfiguration;
			buildSettings = {
				DEVELOPMENT_TEAM = 2G4G67MB66;
				INFOPLIST_FILE = ALViewUITests/Info.plist;
				LD_RUNPATH_SEARCH_PATHS = "$(inherited) @executable_path/Frameworks @loader_path/Frameworks";
				PRODUCT_BUNDLE_IDENTIFIER = com.tencent.ALViewUITests;
				PRODUCT_NAME = "$(TARGET_NAME)";
				TEST_TARGET_NAME = ALView;
			};
			name = Debug;
		};
		6B1D25271DB307A300FC4081 /* Release */ = {
			isa = XCBuildConfiguration;
			buildSettings = {
				DEVELOPMENT_TEAM = 2G4G67MB66;
				INFOPLIST_FILE = ALViewUITests/Info.plist;
				LD_RUNPATH_SEARCH_PATHS = "$(inherited) @executable_path/Frameworks @loader_path/Frameworks";
				PRODUCT_BUNDLE_IDENTIFIER = com.tencent.ALViewUITests;
				PRODUCT_NAME = "$(TARGET_NAME)";
				TEST_TARGET_NAME = ALView;
			};
			name = Release;
		};
/* End XCBuildConfiguration section */

/* Begin XCConfigurationList section */
		6B1D24ED1DB307A200FC4081 /* Build configuration list for PBXProject "ALView" */ = {
			isa = XCConfigurationList;
			buildConfigurations = (
				6B1D251D1DB307A300FC4081 /* Debug */,
				6B1D251E1DB307A300FC4081 /* Release */,
			);
			defaultConfigurationIsVisible = 0;
			defaultConfigurationName = Release;
		};
		6B1D251F1DB307A300FC4081 /* Build configuration list for PBXNativeTarget "ALView" */ = {
			isa = XCConfigurationList;
			buildConfigurations = (
				6B1D25201DB307A300FC4081 /* Debug */,
				6B1D25211DB307A300FC4081 /* Release */,
			);
			defaultConfigurationIsVisible = 0;
			defaultConfigurationName = Release;
		};
		6B1D25221DB307A300FC4081 /* Build configuration list for PBXNativeTarget "ALViewTests" */ = {
			isa = XCConfigurationList;
			buildConfigurations = (
				6B1D25231DB307A300FC4081 /* Debug */,
				6B1D25241DB307A300FC4081 /* Release */,
			);
			defaultConfigurationIsVisible = 0;
			defaultConfigurationName = Release;
		};
		6B1D25251DB307A300FC4081 /* Build configuration list for PBXNativeTarget "ALViewUITests" */ = {
			isa = XCConfigurationList;
			buildConfigurations = (
				6B1D25261DB307A300FC4081 /* Debug */,
				6B1D25271DB307A300FC4081 /* Release */,
			);
			defaultConfigurationIsVisible = 0;
			defaultConfigurationName = Release;
		};
/* End XCConfigurationList section */
	};
	rootObject = 6B1D24EA1DB307A200FC4081 /* Project object */;
}
